
Microsoft Visual Studio Solution File, Format Version 12.00
# Visual Studio Version 16
VisualStudioVersion = 16.0.31112.23
MinimumVisualStudioVersion = 10.0.40219.1
Project("{8BC9CEB8-8B4A-11D0-8D11-00A0C91BC942}") = "DriverLoader", "DriverLoader.vcxproj", "{14CEAEF9-DB37-4AEF-AB44-132F0972D155}"
EndProject
Global
	GlobalSection(SolutionConfigurationPlatforms) = preSolution
		Debug|x64 = Debug|x64
		Debug|x86 = Debug|x86
		Release|x64 = Release|x64
		Release|x86 = Release|x86
	EndGlobalSection
	GlobalSection(ProjectConfigurationPlatforms) = postSolution
		{14CEAEF9-DB37-4AEF-AB44-132F0972D155}.Debug|x64.ActiveCfg = Debug|x64
		{14CEAEF9-DB37-4AEF-AB44-132F0972D155}.Debug|x64.Build.0 = Debug|x64
		{14CEAEF9-DB37-4AEF-AB44-132F0972D155}.Debug|x86.ActiveCfg = Debug|Win32
		{14CEAEF9-DB37-4AEF-AB44-132F0972D155}.Debug|x86.Build.0 = Debug|Win32
		{14CEAEF9-DB37-4AEF-AB44-132F0972D155}.Release|x64.ActiveCfg = Release|x64
		{14CEAEF9-DB37-4AEF-AB44-132F0972D155}.Release|x64.Build.0 = Release|x64
		{14CEAEF9-DB37-4AEF-AB44-132F0972D155}.Release|x86.ActiveCfg = Release|Win32
		{14CEAEF9-DB37-4AEF-AB44-132F0972D155}.Release|x86.Build.0 = Release|Win32
	EndGlobalSection
	GlobalSection(SolutionProperties) = preSolution
		HideSolutionNode = FALSE
	EndGlobalSection
	GlobalSection(ExtensibilityGlobals) = postSolution
		SolutionGuid = {6715EBC3-95FD-4422-9EC5-55AD2C0BACA8}
	EndGlobalSection
EndGlobal
